{
  "name": "loader-learn",
  "version": "1.0.0",
  "lockfileVersion": 3,
  "requires": true,
  "packages": {
    "": {
      "name": "loader-learn",
      "version": "1.0.0",
      "license": "ISC",
      "dependencies": {
        "loader-runner": "^3.0.0"
      },
      "devDependencies": {}
    },
    "node_modules/loader-runner": {
      "version": "3.0.0",
      "resolved": "https://registry.npmmirror.com/loader-runner/-/loader-runner-3.0.0.tgz",
      "integrity": "sha512-BlinBEAJYOUubaKH9hMxshD1FltYLTd3FA4DoxEh/82C0Rc4cmcqI61bEUj0/osbmW9FCTXTpMAO/jHZDZC5Fw==",
      "engines": {
        "node": ">=6.11.5"
      }
    }
  }
}
